# THIS IS AN AUTOGENERATED FILE. DO NOT EDIT THIS FILE DIRECTLY.
# yarn lockfile v1


"@discordjs/builders@^0.8.1":
  version "0.8.2"
  resolved "https://registry.yarnpkg.com/@discordjs/builders/-/builders-0.8.2.tgz#c3ef99caa9ebe70a4196b987011d90136c71054a"
  integrity sha512-/YRd11SrcluqXkKppq/FAVzLIPRVlIVmc6X8ZklspzMIHDtJ+A4W37D43SHvLdH//+NnK+SHW/WeOF4Ts54PeQ==
  dependencies:
    "@sindresorhus/is" "^4.2.0"
    discord-api-types "^0.24.0"
    ow "^0.27.0"
    ts-mixer "^6.0.0"
    tslib "^2.3.1"

"@discordjs/collection@^0.3.2":
  version "0.3.2"
  resolved "https://registry.yarnpkg.com/@discordjs/collection/-/collection-0.3.2.tgz#3c271dd8a93dad89b186d330e24dbceaab58424a"
  integrity sha512-dMjLl60b2DMqObbH1MQZKePgWhsNe49XkKBZ0W5Acl5uVV43SN414i2QfZwRI7dXAqIn8pEWD2+XXQFn9KWxqg==

"@discordjs/form-data@^3.0.1":
  version "3.0.1"
  resolved "https://registry.yarnpkg.com/@discordjs/form-data/-/form-data-3.0.1.tgz#5c9e6be992e2e57d0dfa0e39979a850225fb4697"
  integrity sha512-ZfFsbgEXW71Rw/6EtBdrP5VxBJy4dthyC0tpQKGKmYFImlmmrykO14Za+BiIVduwjte0jXEBlhSKf0MWbFp9Eg==
  dependencies:
    asynckit "^0.4.0"
    combined-stream "^1.0.8"
    mime-types "^2.1.12"

"@sapphire/async-queue@^1.1.8":
  version "1.1.9"
  resolved "https://registry.yarnpkg.com/@sapphire/async-queue/-/async-queue-1.1.9.tgz#ce69611c8753c4affd905a7ef43061c7eb95c01b"
  integrity sha512-CbXaGwwlEMq+l1TRu01FJCvySJ1CEFKFclHT48nIfNeZXaAAmmwwy7scUKmYHPUa3GhoMp6Qr1B3eAJux6XgOQ==

"@sindresorhus/is@^4.0.1", "@sindresorhus/is@^4.2.0":
  version "4.2.0"
  resolved "https://registry.yarnpkg.com/@sindresorhus/is/-/is-4.2.0.tgz#667bfc6186ae7c9e0b45a08960c551437176e1ca"
  integrity sha512-VkE3KLBmJwcCaVARtQpfuKcKv8gcBmUubrfHGF84dXuuW6jgsRYxPtzcIhPyK9WAPpRt2/xY6zkD9MnRaJzSyw==

"@types/node-fetch@^2.5.12":
  version "2.5.12"
  resolved "https://registry.yarnpkg.com/@types/node-fetch/-/node-fetch-2.5.12.tgz#8a6f779b1d4e60b7a57fb6fd48d84fb545b9cc66"
  integrity sha512-MKgC4dlq4kKNa/mYrwpKfzQMB5X3ee5U6fSprkKpToBqBmX4nFZL9cW5jl6sWn+xpRJ7ypWh2yyqqr8UUCstSw==
  dependencies:
    "@types/node" "*"
    form-data "^3.0.0"

"@types/node@*":
  version "16.11.10"
  resolved "https://registry.yarnpkg.com/@types/node/-/node-16.11.10.tgz#2e3ad0a680d96367103d3e670d41c2fed3da61ae"
  integrity sha512-3aRnHa1KlOEEhJ6+CvyHKK5vE9BcLGjtUpwvqYLRvYNQKMfabu3BwfJaA/SLW8dxe28LsNDjtHwePTuzn3gmOA==

"@types/ws@^8.2.0":
  version "8.2.0"
  resolved "https://registry.yarnpkg.com/@types/ws/-/ws-8.2.0.tgz#75faefbe2328f3b833cb8dc640658328990d04f3"
  integrity sha512-cyeefcUCgJlEk+hk2h3N+MqKKsPViQgF5boi9TTHSK+PoR9KWBb/C5ccPcDyAqgsbAYHTwulch725DV84+pSpg==
  dependencies:
    "@types/node" "*"

any-promise@^1.3.0:
  version "1.3.0"
  resolved "https://registry.yarnpkg.com/any-promise/-/any-promise-1.3.0.tgz#abc6afeedcea52e809cdc0376aed3ce39635d17f"
  integrity sha1-q8av7tzqUugJzcA3au0845Y10X8=

asynckit@^0.4.0:
  version "0.4.0"
  resolved "https://registry.yarnpkg.com/asynckit/-/asynckit-0.4.0.tgz#c79ed97f7f34cb8f2ba1bc9790bcc366474b4b79"
  integrity sha1-x57Zf380y48robyXkLzDZkdLS3k=

callsites@^3.1.0:
  version "3.1.0"
  resolved "https://registry.yarnpkg.com/callsites/-/callsites-3.1.0.tgz#b3630abd8943432f54b3f0519238e33cd7df2f73"
  integrity sha512-P8BjAsXvZS+VIDUI11hHCQEv74YT67YUi5JJFNWIqL235sBmjX4+qx9Muvls5ivyNENctx46xQLQ3aTuE7ssaQ==

classnames@^2.2.6:
  version "2.3.1"
  resolved "https://registry.yarnpkg.com/classnames/-/classnames-2.3.1.tgz#dfcfa3891e306ec1dad105d0e88f4417b8535e8e"
  integrity sha512-OlQdbZ7gLfGarSqxesMesDa5uz7KFbID8Kpq/SxIoNGDqY8lSYs0D+hhtBXhcdB3rcbXArFr7vlHheLk1voeNA==

combined-stream@^1.0.8:
  version "1.0.8"
  resolved "https://registry.yarnpkg.com/combined-stream/-/combined-stream-1.0.8.tgz#c3d45a8b34fd730631a110a8a2520682b31d5a7f"
  integrity sha512-FQN4MRfuJeHf7cBbBMJFXhKSDq+2kAArBlmRBvcvFE5BB1HZKXtSFASDhdlz9zOYwxh8lDdnvmMOe/+5cdoEdg==
  dependencies:
    delayed-stream "~1.0.0"

debug@^4.1.1:
  version "4.3.2"
  resolved "https://registry.yarnpkg.com/debug/-/debug-4.3.2.tgz#f0a49c18ac8779e31d4a0c6029dfb76873c7428b"
  integrity sha512-mOp8wKcvj7XxC78zLgw/ZA+6TSgkoE2C/ienthhRD298T7UNwAg9diBpLRxC0mOezLl4B0xV7M0cCO6P/O0Xhw==
  dependencies:
    ms "2.1.2"

delayed-stream@~1.0.0:
  version "1.0.0"
  resolved "https://registry.yarnpkg.com/delayed-stream/-/delayed-stream-1.0.0.tgz#df3ae199acadfb7d440aaae0b29e2272b24ec619"
  integrity sha1-3zrhmayt+31ECqrgsp4icrJOxhk=

denque@^2.0.1:
  version "2.0.1"
  resolved "https://registry.yarnpkg.com/denque/-/denque-2.0.1.tgz#bcef4c1b80dc32efe97515744f21a4229ab8934a"
  integrity sha512-tfiWc6BQLXNLpNiR5iGd0Ocu3P3VpxfzFiqubLgMfhfOw9WyvgJBd46CClNn9k3qfbjvT//0cf7AlYRX/OslMQ==

discord-api-types@^0.24.0:
  version "0.24.0"
  resolved "https://registry.yarnpkg.com/discord-api-types/-/discord-api-types-0.24.0.tgz#9e429b8a1ddb4147134dfb3109093422de7ec549"
  integrity sha512-X0uA2a92cRjowUEXpLZIHWl4jiX1NsUpDhcEOpa1/hpO1vkaokgZ8kkPtPih9hHth5UVQ3mHBu/PpB4qjyfJ4A==

discord.js-pagination@^1.0.3:
  version "1.0.3"
  resolved "https://registry.yarnpkg.com/discord.js-pagination/-/discord.js-pagination-1.0.3.tgz#b637d9b547f6de0187c58b22ad07dc9e532583f2"
  integrity sha512-n6wuNo3CclZdwRfc5LMInjcrN23iKnKQTtlpX3VXGRtNofawBeQroYhl7xotSmpkIlL2Uqwo13T11+hHdNJ/bQ==

discord.js@^13.1.0:
  version "13.3.1"
  resolved "https://registry.yarnpkg.com/discord.js/-/discord.js-13.3.1.tgz#94fe05bc3ec0a3e4761e4f312a2a418c29721ab6"
  integrity sha512-zn4G8tL5+tMV00+0aSsVYNYcIfMSdT2g0nudKny+Ikd+XKv7m6bqI7n3Vji0GIRqXDr5ArPaw+iYFM2I1Iw3vg==
  dependencies:
    "@discordjs/builders" "^0.8.1"
    "@discordjs/collection" "^0.3.2"
    "@discordjs/form-data" "^3.0.1"
    "@sapphire/async-queue" "^1.1.8"
    "@types/node-fetch" "^2.5.12"
    "@types/ws" "^8.2.0"
    discord-api-types "^0.24.0"
    node-fetch "^2.6.1"
    ws "^8.2.3"

dot-prop@^6.0.1:
  version "6.0.1"
  resolved "https://registry.yarnpkg.com/dot-prop/-/dot-prop-6.0.1.tgz#fc26b3cf142b9e59b74dbd39ed66ce620c681083"
  integrity sha512-tE7ztYzXHIeyvc7N+hR3oi7FIbf/NIjVP9hmAt3yMXzrQ072/fpjGLx2GxNxGxUl5V73MEqYzioOMoVhGMJ5cA==
  dependencies:
    is-obj "^2.0.0"

dotenv@^16.0.0:
  version "16.0.0"
  resolved "https://registry.yarnpkg.com/dotenv/-/dotenv-16.0.0.tgz#c619001253be89ebb638d027b609c75c26e47411"
  integrity sha512-qD9WU0MPM4SWLPJy/r2Be+2WgQj8plChsyrCNQzW/0WjvcJQiKQJ9mH3ZgB3fxbUUxgc/11ZJ0Fi5KiimWGz2Q==

dottie@^2.0.0:
  version "2.0.2"
  resolved "https://registry.yarnpkg.com/dottie/-/dottie-2.0.2.tgz#cc91c0726ce3a054ebf11c55fbc92a7f266dd154"
  integrity sha512-fmrwR04lsniq/uSr8yikThDTrM7epXHBAAjH9TbeH3rEA8tdCO7mRzB9hdmdGyJCxF8KERo9CITcm3kGuoyMhg==

form-data@^3.0.0:
  version "3.0.1"
  resolved "https://registry.yarnpkg.com/form-data/-/form-data-3.0.1.tgz#ebd53791b78356a99af9a300d4282c4d5eb9755f"
  integrity sha512-RHkBKtLWUVwd7SqRIvCZMEvAMoGUp0XU+seQiZejj0COz3RI3hWP4sCv3gZWWLjJTd7rGwcsF5eKZGii0r/hbg==
  dependencies:
    asynckit "^0.4.0"
    combined-stream "^1.0.8"
    mime-types "^2.1.12"

generate-function@^2.3.1:
  version "2.3.1"
  resolved "https://registry.yarnpkg.com/generate-function/-/generate-function-2.3.1.tgz#f069617690c10c868e73b8465746764f97c3479f"
  integrity sha512-eeB5GfMNeevm/GRYq20ShmsaGcmI81kIX2K9XQx5miC8KdHaC6Jm0qQ8ZNeGOi7wYB8OsdxKs+Y2oVuTFuVwKQ==
  dependencies:
    is-property "^1.0.2"

glob-parent@^6.0.1:
  version "6.0.2"
  resolved "https://registry.yarnpkg.com/glob-parent/-/glob-parent-6.0.2.tgz#6d237d99083950c79290f24c7642a3de9a28f9e3"
  integrity sha512-XxwI8EOhVQgWp6iDL+3b0r86f4d6AX6zSU55HfB4ydCEuXLXc5FcYeOu+nnGftS4TEju/11rt4KJPTMgbfmv4A==
  dependencies:
    is-glob "^4.0.3"

iconv-lite@^0.6.3:
  version "0.6.3"
  resolved "https://registry.yarnpkg.com/iconv-lite/-/iconv-lite-0.6.3.tgz#a52f80bf38da1952eb5c681790719871a1a72501"
  integrity sha512-4fCk79wshMdzMp2rH06qWrJE4iolqLhCUH+OiuIgU++RB0+94NlDL81atO7GX55uUKueo0txHNtvEyI6D7WdMw==
  dependencies:
    safer-buffer ">= 2.1.2 < 3.0.0"

inflection@1.13.1:
  version "1.13.1"
  resolved "https://registry.yarnpkg.com/inflection/-/inflection-1.13.1.tgz#c5cadd80888a90cf84c2e96e340d7edc85d5f0cb"
  integrity sha512-dldYtl2WlN0QDkIDtg8+xFwOS2Tbmp12t1cHa5/YClU6ZQjTFm7B66UcVbh9NQB+HvT5BAd2t5+yKsBkw5pcqA==

is-extglob@^2.1.1:
  version "2.1.1"
  resolved "https://registry.yarnpkg.com/is-extglob/-/is-extglob-2.1.1.tgz#a88c02535791f02ed37c76a1b9ea9773c833f8c2"
  integrity sha1-qIwCU1eR8C7TfHahueqXc8gz+MI=

is-glob@^4.0.3:
  version "4.0.3"
  resolved "https://registry.yarnpkg.com/is-glob/-/is-glob-4.0.3.tgz#64f61e42cbbb2eec2071a9dac0b28ba1e65d5084"
  integrity sha512-xelSayHH36ZgE7ZWhli7pW34hNbNl8Ojv5KVmkJD4hBdD3th8Tfk9vYasLM+mXWOZhFkgZfxhLSnrwRr4elSSg==
  dependencies:
    is-extglob "^2.1.1"

is-obj@^2.0.0:
  version "2.0.0"
  resolved "https://registry.yarnpkg.com/is-obj/-/is-obj-2.0.0.tgz#473fb05d973705e3fd9620545018ca8e22ef4982"
  integrity sha512-drqDG3cbczxxEJRoOXcOjtdp1J/lyp1mNn0xaznRs8+muBhgQcrnbspox5X5fOw0HnMnbfDzvnEMEtqDEJEo8w==

is-property@^1.0.2:
  version "1.0.2"
  resolved "https://registry.yarnpkg.com/is-property/-/is-property-1.0.2.tgz#57fe1c4e48474edd65b09911f26b1cd4095dda84"
  integrity sha1-V/4cTkhHTt1lsJkR8msc1Ald2oQ=

lodash.isequal@^4.5.0:
  version "4.5.0"
  resolved "https://registry.yarnpkg.com/lodash.isequal/-/lodash.isequal-4.5.0.tgz#415c4478f2bcc30120c22ce10ed3226f7d3e18e0"
  integrity sha1-QVxEePK8wwEgwizhDtMib30+GOA=

lodash@^4.17.20, lodash@^4.17.21:
  version "4.17.21"
  resolved "https://registry.yarnpkg.com/lodash/-/lodash-4.17.21.tgz#679591c564c3bffaae8454cf0b3df370c3d6911c"
  integrity sha512-v2kDEe57lecTulaDIuNTPy3Ry4gLGJ6Z1O3vE1krgXZNrsQ+LFTGHVxVjcXPs17LhbZVGedAJv8XZ1tvj5FvSg==

long@^4.0.0:
  version "4.0.0"
  resolved "https://registry.yarnpkg.com/long/-/long-4.0.0.tgz#9a7b71cfb7d361a194ea555241c92f7468d5bf28"
  integrity sha512-XsP+KhQif4bjX1kbuSiySJFNAehNxgLb6hPRGJ9QsUr8ajHkuXGdrHmFUTUUXhDwVX2R5bY4JNZEwbUiMhV+MA==

lru-cache@^4.1.3:
  version "4.1.5"
  resolved "https://registry.yarnpkg.com/lru-cache/-/lru-cache-4.1.5.tgz#8bbe50ea85bed59bc9e33dcab8235ee9bcf443cd"
  integrity sha512-sWZlbEP2OsHNkXrMl5GYk/jKk70MBng6UU4YI/qGDYbgf6YbP4EvmqISbXCoJiRKs+1bSpFHVgQxvJ17F2li5g==
  dependencies:
    pseudomap "^1.0.2"
    yallist "^2.1.2"

lru-cache@^6.0.0:
  version "6.0.0"
  resolved "https://registry.yarnpkg.com/lru-cache/-/lru-cache-6.0.0.tgz#6d6fe6570ebd96aaf90fcad1dafa3b2566db3a94"
  integrity sha512-Jo6dJ04CmSjuznwJSS3pUeWmd/H0ffTlkXXgwZi+eq1UCmqQwCh+eLsYOYCwY991i2Fah4h1BEMCx4qThGbsiA==
  dependencies:
    yallist "^4.0.0"

mime-db@1.51.0:
  version "1.51.0"
  resolved "https://registry.yarnpkg.com/mime-db/-/mime-db-1.51.0.tgz#d9ff62451859b18342d960850dc3cfb77e63fb0c"
  integrity sha512-5y8A56jg7XVQx2mbv1lu49NR4dokRnhZYTtL+KGfaa27uq4pSTXkwQkFJl4pkRMyNFz/EtYDSkiiEHx3F7UN6g==

mime-types@^2.1.12:
  version "2.1.34"
  resolved "https://registry.yarnpkg.com/mime-types/-/mime-types-2.1.34.tgz#5a712f9ec1503511a945803640fafe09d3793c24"
  integrity sha512-6cP692WwGIs9XXdOO4++N+7qjqv0rqxxVvJ3VHPh/Sc9mVZcQP+ZGhkKiTvWMQRr2tbHkJP/Yn7Y0npb3ZBs4A==
  dependencies:
    mime-db "1.51.0"

moment-duration-format@^2.3.2:
  version "2.3.2"
  resolved "https://registry.yarnpkg.com/moment-duration-format/-/moment-duration-format-2.3.2.tgz#5fa2b19b941b8d277122ff3f87a12895ec0d6212"
  integrity sha512-cBMXjSW+fjOb4tyaVHuaVE/A5TqkukDWiOfxxAjY+PEqmmBQlLwn+8OzwPiG3brouXKY5Un4pBjAeB6UToXHaQ==

moment-timezone@^0.5.27, moment-timezone@^0.5.31:
  version "0.5.34"
  resolved "https://registry.yarnpkg.com/moment-timezone/-/moment-timezone-0.5.34.tgz#a75938f7476b88f155d3504a9343f7519d9a405c"
  integrity sha512-3zAEHh2hKUs3EXLESx/wsgw6IQdusOT8Bxm3D9UrHPQR7zlMmzwybC8zHEM1tQ4LJwP7fcxrWr8tuBg05fFCbg==
  dependencies:
    moment ">= 2.9.0"

"moment@>= 2.9.0", moment@^2.26.0, moment@^2.29.2:
  version "2.29.2"
  resolved "https://registry.yarnpkg.com/moment/-/moment-2.29.2.tgz#00910c60b20843bcba52d37d58c628b47b1f20e4"
  integrity sha512-UgzG4rvxYpN15jgCmVJwac49h9ly9NurikMWGPdVxm8GZD6XjkKPxDTjQQ43gtGgnV3X0cAyWDdP2Wexoquifg==

ms@2.1.2:
  version "2.1.2"
  resolved "https://registry.yarnpkg.com/ms/-/ms-2.1.2.tgz#d09d1f357b443f493382a8eb3ccd183872ae6009"
  integrity sha512-sGkPx+VjMtmA6MX27oA4FBFELFCZZ4S4XqeGOXCv68tT+jb3vk/RyaKWP0PTKyWtmLSM0b+adUTEvbs1PEaH2w==

mysql2@^2.1.0:
  version "2.3.3"
  resolved "https://registry.yarnpkg.com/mysql2/-/mysql2-2.3.3.tgz#944f3deca4b16629052ff8614fbf89d5552545a0"
  integrity sha512-wxJUev6LgMSgACDkb/InIFxDprRa6T95+VEoR+xPvtngtccNH2dGjEB/fVZ8yg1gWv1510c9CvXuJHi5zUm0ZA==
  dependencies:
    denque "^2.0.1"
    generate-function "^2.3.1"
    iconv-lite "^0.6.3"
    long "^4.0.0"
    lru-cache "^6.0.0"
    named-placeholders "^1.1.2"
    seq-queue "^0.0.5"
    sqlstring "^2.3.2"

named-placeholders@^1.1.2:
  version "1.1.2"
  resolved "https://registry.yarnpkg.com/named-placeholders/-/named-placeholders-1.1.2.tgz#ceb1fbff50b6b33492b5cf214ccf5e39cef3d0e8"
  integrity sha512-wiFWqxoLL3PGVReSZpjLVxyJ1bRqe+KKJVbr4hGs1KWfTZTQyezHFBbuKj9hsizHyGV2ne7EMjHdxEGAybD5SA==
  dependencies:
    lru-cache "^4.1.3"

nanoid@^2.1.0:
  version "2.1.11"
  resolved "https://registry.yarnpkg.com/nanoid/-/nanoid-2.1.11.tgz#ec24b8a758d591561531b4176a01e3ab4f0f0280"
  integrity sha512-s/snB+WGm6uwi0WjsZdaVcuf3KJXlfGl2LcxgwkEwJF0D/BWzVWAZW/XY4bFaiR7s0Jk3FPvlnepg1H1b1UwlA==

node-fetch@^2.6.1:
  version "2.6.7"
  resolved "https://registry.yarnpkg.com/node-fetch/-/node-fetch-2.6.7.tgz#24de9fba827e3b4ae44dc8b20256a379160052ad"
  integrity sha512-ZjMPFEfVx5j+y2yF35Kzx5sF7kDzxuDj6ziH4FFbOp87zKDZNx8yExJIb05OGF4Nlt9IHFIMBkRl41VdvcNdbQ==
  dependencies:
    whatwg-url "^5.0.0"

node-forge@^1.3.0:
  version "1.3.0"
  resolved "https://registry.yarnpkg.com/node-forge/-/node-forge-1.3.0.tgz#37a874ea723855f37db091e6c186e5b67a01d4b2"
  integrity sha512-08ARB91bUi6zNKzVmaj3QO7cr397uiDT2nJ63cHjyNtCTWIgvS47j3eT0WfzUwS9+6Z5YshRaoasFkXCKrIYbA==

ow@^0.27.0:
  version "0.27.0"
  resolved "https://registry.yarnpkg.com/ow/-/ow-0.27.0.tgz#d44da088e8184fa11de64b5813206f9f86ab68d0"
  integrity sha512-SGnrGUbhn4VaUGdU0EJLMwZWSupPmF46hnTRII7aCLCrqixTAC5eKo8kI4/XXf1eaaI8YEVT+3FeGNJI9himAQ==
  dependencies:
    "@sindresorhus/is" "^4.0.1"
    callsites "^3.1.0"
    dot-prop "^6.0.1"
    lodash.isequal "^4.5.0"
    type-fest "^1.2.1"
    vali-date "^1.0.0"

pg-connection-string@^2.5.0:
  version "2.5.0"
  resolved "https://registry.yarnpkg.com/pg-connection-string/-/pg-connection-string-2.5.0.tgz#538cadd0f7e603fc09a12590f3b8a452c2c0cf34"
  integrity sha512-r5o/V/ORTA6TmUnyWZR9nCj1klXCO2CEKNRlVuJptZe85QuhFayC7WeMic7ndayT5IRIR0S0xFxFi2ousartlQ==

pseudomap@^1.0.2:
  version "1.0.2"
  resolved "https://registry.yarnpkg.com/pseudomap/-/pseudomap-1.0.2.tgz#f052a28da70e618917ef0a8ac34c1ae5a68286b3"
  integrity sha1-8FKijacOYYkX7wqKw0wa5aaChrM=

retry-as-promised@^3.2.0:
  version "3.2.0"
  resolved "https://registry.yarnpkg.com/retry-as-promised/-/retry-as-promised-3.2.0.tgz#769f63d536bec4783549db0777cb56dadd9d8543"
  integrity sha512-CybGs60B7oYU/qSQ6kuaFmRd9sTZ6oXSc0toqePvV74Ac6/IFZSI1ReFQmtCN+uvW1Mtqdwpvt/LGOiCBAY2Mg==
  dependencies:
    any-promise "^1.3.0"

"safer-buffer@>= 2.1.2 < 3.0.0":
  version "2.1.2"
  resolved "https://registry.yarnpkg.com/safer-buffer/-/safer-buffer-2.1.2.tgz#44fa161b0187b9549dd84bb91802f9bd8385cd6a"
  integrity sha512-YZo3K82SD7Riyi0E1EQPojLz7kpepnSQI9IyPbHHg1XXXevb5dJI7tpyN2ADxGcQbHG7vcyRHk0cbwqcQriUtg==

semver@^7.3.2:
  version "7.3.5"
  resolved "https://registry.yarnpkg.com/semver/-/semver-7.3.5.tgz#0b621c879348d8998e4b0e4be94b3f12e6018ef7"
  integrity sha512-PoeGJYh8HK4BTO/a9Tf6ZG3veo/A7ZVsYrSA6J8ny9nb3B1VrpkuN+z9OE5wfE5p6H4LchYZsegiQgbJD94ZFQ==
  dependencies:
    lru-cache "^6.0.0"

seq-queue@^0.0.5:
  version "0.0.5"
  resolved "https://registry.yarnpkg.com/seq-queue/-/seq-queue-0.0.5.tgz#d56812e1c017a6e4e7c3e3a37a1da6d78dd3c93e"
  integrity sha1-1WgS4cAXpuTnw+Ojeh2m143TyT4=

sequelize-pool@^6.0.0:
  version "6.1.0"
  resolved "https://registry.yarnpkg.com/sequelize-pool/-/sequelize-pool-6.1.0.tgz#caaa0c1e324d3c2c3a399fed2c7998970925d668"
  integrity sha512-4YwEw3ZgK/tY/so+GfnSgXkdwIJJ1I32uZJztIEgZeAO6HMgj64OzySbWLgxj+tXhZCJnzRfkY9gINw8Ft8ZMg==

sequelize@^6.3.5:
  version "6.11.0"
  resolved "https://registry.yarnpkg.com/sequelize/-/sequelize-6.11.0.tgz#11620b02ab2ca02af59ec652dd22bef7ccd348af"
  integrity sha512-+j3N5lr+FR1eicMRGR3bRsGOl9HMY0UGb2PyB2i1yZ64XBgsz3xejMH0UD45LcUitj40soDGIa9CyvZG0dfzKg==
  dependencies:
    debug "^4.1.1"
    dottie "^2.0.0"
    inflection "1.13.1"
    lodash "^4.17.20"
    moment "^2.26.0"
    moment-timezone "^0.5.31"
    pg-connection-string "^2.5.0"
    retry-as-promised "^3.2.0"
    semver "^7.3.2"
    sequelize-pool "^6.0.0"
    toposort-class "^1.0.1"
    uuid "^8.1.0"
    validator "^13.7.0"
    wkx "^0.5.0"

shortid@^2.2.15:
  version "2.2.16"
  resolved "https://registry.yarnpkg.com/shortid/-/shortid-2.2.16.tgz#b742b8f0cb96406fd391c76bfc18a67a57fe5608"
  integrity sha512-Ugt+GIZqvGXCIItnsL+lvFJOiN7RYqlGy7QE41O3YC1xbNSeDGIRO7xg2JJXIAj1cAGnOeC1r7/T9pgrtQbv4g==
  dependencies:
    nanoid "^2.1.0"

sqlstring@^2.3.2:
  version "2.3.2"
  resolved "https://registry.yarnpkg.com/sqlstring/-/sqlstring-2.3.2.tgz#cdae7169389a1375b18e885f2e60b3e460809514"
  integrity sha512-vF4ZbYdKS8OnoJAWBmMxCQDkiEBkGQYU7UZPtL8flbDRSNkhaXvRJ279ZtI6M+zDaQovVU4tuRgzK5fVhvFAhg==

toposort-class@^1.0.1:
  version "1.0.1"
  resolved "https://registry.yarnpkg.com/toposort-class/-/toposort-class-1.0.1.tgz#7ffd1f78c8be28c3ba45cd4e1a3f5ee193bd9988"
  integrity sha1-f/0feMi+KMO6Rc1OGj9e4ZO9mYg=

tr46@~0.0.3:
  version "0.0.3"
  resolved "https://registry.yarnpkg.com/tr46/-/tr46-0.0.3.tgz#8184fd347dac9cdc185992f3a6622e14b9d9ab6a"
  integrity sha1-gYT9NH2snNwYWZLzpmIuFLnZq2o=

trim@^1.0.1:
  version "1.0.1"
  resolved "https://registry.yarnpkg.com/trim/-/trim-1.0.1.tgz#68e78f6178ccab9687a610752f4f5e5a7022ee8c"
  integrity sha512-3JVP2YVqITUisXblCDq/Bi4P9457G/sdEamInkyvCsjbTcXLXIiG7XCb4kGMFWh6JGXesS3TKxOPtrncN/xe8w==

ts-mixer@^6.0.0:
  version "6.0.0"
  resolved "https://registry.yarnpkg.com/ts-mixer/-/ts-mixer-6.0.0.tgz#4e631d3a36e3fa9521b973b132e8353bc7267f9f"
  integrity sha512-nXIb1fvdY5CBSrDIblLn73NW0qRDk5yJ0Sk1qPBF560OdJfQp9jhl+0tzcY09OZ9U+6GpeoI9RjwoIKFIoB9MQ==

tslib@^2.3.1:
  version "2.3.1"
  resolved "https://registry.yarnpkg.com/tslib/-/tslib-2.3.1.tgz#e8a335add5ceae51aa261d32a490158ef042ef01"
  integrity sha512-77EbyPPpMz+FRFRuAFlWMtmgUWGe9UOG2Z25NqCwiIjRhOf5iKGuzSe5P2w1laq+FkRy4p+PCuVkJSGkzTEKVw==

type-fest@^1.2.1:
  version "1.4.0"
  resolved "https://registry.yarnpkg.com/type-fest/-/type-fest-1.4.0.tgz#e9fb813fe3bf1744ec359d55d1affefa76f14be1"
  integrity sha512-yGSza74xk0UG8k+pLh5oeoYirvIiWo5t0/o3zHHAO2tRDiZcxWP7fywNlXhqb6/r6sWvwi+RsyQMWhVLe4BVuA==

uuid@^8.1.0:
  version "8.3.2"
  resolved "https://registry.yarnpkg.com/uuid/-/uuid-8.3.2.tgz#80d5b5ced271bb9af6c445f21a1a04c606cefbe2"
  integrity sha512-+NYs2QeMWy+GWFOEm9xnn6HCDp0l7QBD7ml8zLUmJ+93Q5NF0NocErnwkTkXVFNiX3/fpC6afS8Dhb/gz7R7eg==

vali-date@^1.0.0:
  version "1.0.0"
  resolved "https://registry.yarnpkg.com/vali-date/-/vali-date-1.0.0.tgz#1b904a59609fb328ef078138420934f6b86709a6"
  integrity sha1-G5BKWWCfsyjvB4E4Qgk09rhnCaY=

validator@^13.7.0:
  version "13.7.0"
  resolved "https://registry.yarnpkg.com/validator/-/validator-13.7.0.tgz#4f9658ba13ba8f3d82ee881d3516489ea85c0857"
  integrity sha512-nYXQLCBkpJ8X6ltALua9dRrZDHVYxjJ1wgskNt1lH9fzGjs3tgojGSCBjmEPwkWS1y29+DrizMTW19Pr9uB2nw==

webidl-conversions@^3.0.0:
  version "3.0.1"
  resolved "https://registry.yarnpkg.com/webidl-conversions/-/webidl-conversions-3.0.1.tgz#24534275e2a7bc6be7bc86611cc16ae0a5654871"
  integrity sha1-JFNCdeKnvGvnvIZhHMFq4KVlSHE=

whatwg-url@^5.0.0:
  version "5.0.0"
  resolved "https://registry.yarnpkg.com/whatwg-url/-/whatwg-url-5.0.0.tgz#966454e8765462e37644d3626f6742ce8b70965d"
  integrity sha1-lmRU6HZUYuN2RNNib2dCzotwll0=
  dependencies:
    tr46 "~0.0.3"
    webidl-conversions "^3.0.0"

wkx@^0.5.0:
  version "0.5.0"
  resolved "https://registry.yarnpkg.com/wkx/-/wkx-0.5.0.tgz#c6c37019acf40e517cc6b94657a25a3d4aa33e8c"
  integrity sha512-Xng/d4Ichh8uN4l0FToV/258EjMGU9MGcA0HV2d9B/ZpZB3lqQm7nkOdZdm5GhKtLLhAE7PiVQwN4eN+2YJJUg==
  dependencies:
    "@types/node" "*"

ws@^8.2.3:
  version "8.3.0"
  resolved "https://registry.yarnpkg.com/ws/-/ws-8.3.0.tgz#7185e252c8973a60d57170175ff55fdbd116070d"
  integrity sha512-Gs5EZtpqZzLvmIM59w4igITU57lrtYVFneaa434VROv4thzJyV6UjIL3D42lslWlI+D4KzLYnxSwtfuiO79sNw==

yallist@^2.1.2:
  version "2.1.2"
  resolved "https://registry.yarnpkg.com/yallist/-/yallist-2.1.2.tgz#1c11f9218f076089a47dd512f93c6699a6a81d52"
  integrity sha1-HBH5IY8HYImkfdUS+TxmmaaoHVI=

yallist@^4.0.0:
  version "4.0.0"
  resolved "https://registry.yarnpkg.com/yallist/-/yallist-4.0.0.tgz#9bb92790d9c0effec63be73519e11a35019a3a72"
  integrity sha512-3wdGidZyq5PB084XLES5TpOSRA3wjXAlIWMhum2kRcv/41Sn2emQ0dycQW4uZXLejwKvg6EsvbdlVL+FYEct7A==
